
Microsoft Visual Studio Solution File, Format Version 12.00
Project("{FAE04EC0-301F-11D3-BF4B-00C04F79EFBC}") = "LKonfig.Providers", "LKonfig.Providers\LKonfig.Providers.csproj", "{BCDA5F3E-84D8-41A7-83BF-B0E226076223}"
EndProject
Global
	GlobalSection(SolutionConfigurationPlatforms) = preSolution
		Debug|Any CPU = Debug|Any CPU
		Release|Any CPU = Release|Any CPU
	EndGlobalSection
	GlobalSection(ProjectConfigurationPlatforms) = postSolution
		{BCDA5F3E-84D8-41A7-83BF-B0E226076223}.Debug|Any CPU.ActiveCfg = Debug|Any CPU
		{BCDA5F3E-84D8-41A7-83BF-B0E226076223}.Debug|Any CPU.Build.0 = Debug|Any CPU
		{BCDA5F3E-84D8-41A7-83BF-B0E226076223}.Release|Any CPU.ActiveCfg = Release|Any CPU
		{BCDA5F3E-84D8-41A7-83BF-B0E226076223}.Release|Any CPU.Build.0 = Release|Any CPU
	EndGlobalSection
EndGlobal
